
Microsoft Visual Studio Solution File, Format Version 12.00
# Visual Studio Version 16
VisualStudioVersion = 16.0.30907.101
MinimumVisualStudioVersion = 10.0.40219.1
Project("{FAE04EC0-301F-11D3-BF4B-00C04F79EFBC}") = "FilterImg", "FilterImg.csproj", "{08119EE1-0AF1-45C7-818F-1C29C464EC0C}"
EndProject
Global
	GlobalSection(SolutionConfigurationPlatforms) = preSolution
		Debug|Any CPU = Debug|Any CPU
		Release|Any CPU = Release|Any CPU
	EndGlobalSection
	GlobalSection(ProjectConfigurationPlatforms) = postSolution
		{08119EE1-0AF1-45C7-818F-1C29C464EC0C}.Debug|Any CPU.ActiveCfg = Debug|Any CPU
		{08119EE1-0AF1-45C7-818F-1C29C464EC0C}.Debug|Any CPU.Build.0 = Debug|Any CPU
		{08119EE1-0AF1-45C7-818F-1C29C464EC0C}.Release|Any CPU.ActiveCfg = Release|Any CPU
		{08119EE1-0AF1-45C7-818F-1C29C464EC0C}.Release|Any CPU.Build.0 = Release|Any CPU
	EndGlobalSection
	GlobalSection(SolutionProperties) = preSolution
		HideSolutionNode = FALSE
	EndGlobalSection
	GlobalSection(ExtensibilityGlobals) = postSolution
		SolutionGuid = {2B858DD8-C98F-4B9A-8487-5EC8501CCF4B}
	EndGlobalSection
EndGlobal
